
Microsoft Visual Studio Solution File, Format Version 12.00
# Visual Studio 14
VisualStudioVersion = 14.0.25123.0
MinimumVisualStudioVersion = 10.0.40219.1
Project("{FAE04EC0-301F-11D3-BF4B-00C04F79EFBC}") = "ContosoCabs.Droid", "ContosoCabs\ContosoCabs.Droid\ContosoCabs.Droid.csproj", "{DD941495-6A9B-4D44-B4B2-03DF13A5C340}"
EndProject
Project("{FAE04EC0-301F-11D3-BF4B-00C04F79EFBC}") = "ContosoCabs", "ContosoCabs\ContosoCabs\ContosoCabs.csproj", "{580FA83D-C60B-4D8B-AF04-DCF5FB37E942}"
EndProject
Project("{FAE04EC0-301F-11D3-BF4B-00C04F79EFBC}") = "ContosoCabs.UWP", "ContosoCabs.UWP\ContosoCabs.UWP.csproj", "{326EFDEB-5848-4298-A2EE-AFD761EC904A}"
EndProject
Project("{9092AA53-FB77-4645-B42D-1CCCA6BD08BD}") = "CabsAPI", "CabsAPI\CabsAPI.njsproj", "{0F5631D9-8EE7-43C7-A23F-8D3F23243646}"
EndProject
Project("{FAE04EC0-301F-11D3-BF4B-00C04F79EFBC}") = "VoiceCommandService", "VoiceCommandService\VoiceCommandService.csproj", "{9F6542A2-90DF-4E47-90DB-4815286DBF69}"
EndProject
Global
	GlobalSection(SolutionConfigurationPlatforms) = preSolution
		Debug|Any CPU = Debug|Any CPU
		Debug|ARM = Debug|ARM
		Debug|iPhone = Debug|iPhone
		Debug|iPhoneSimulator = Debug|iPhoneSimulator
		Debug|x64 = Debug|x64
		Debug|x86 = Debug|x86
		Release|Any CPU = Release|Any CPU
		Release|ARM = Release|ARM
		Release|iPhone = Release|iPhone
		Release|iPhoneSimulator = Release|iPhoneSimulator
		Release|x64 = Release|x64
		Release|x86 = Release|x86
	EndGlobalSection
	GlobalSection(ProjectConfigurationPlatforms) = postSolution
		{DD941495-6A9B-4D44-B4B2-03DF13A5C340}.Debug|Any CPU.ActiveCfg = Debug|Any CPU
		{DD941495-6A9B-4D44-B4B2-03DF13A5C340}.Debug|Any CPU.Build.0 = Debug|Any CPU
		{DD941495-6A9B-4D44-B4B2-03DF13A5C340}.Debug|Any CPU.Deploy.0 = Debug|Any CPU
		{DD941495-6A9B-4D44-B4B2-03DF13A5C340}.Debug|ARM.ActiveCfg = Debug|Any CPU
		{DD941495-6A9B-4D44-B4B2-03DF13A5C340}.Debug|ARM.Build.0 = Debug|Any CPU
		{DD941495-6A9B-4D44-B4B2-03DF13A5C340}.Debug|ARM.Deploy.0 = Debug|Any CPU
		{DD941495-6A9B-4D44-B4B2-03DF13A5C340}.Debug|iPhone.ActiveCfg = Debug|Any CPU
		{DD941495-6A9B-4D44-B4B2-03DF13A5C340}.Debug|iPhone.Build.0 = Debug|Any CPU
		{DD941495-6A9B-4D44-B4B2-03DF13A5C340}.Debug|iPhone.Deploy.0 = Debug|Any CPU
		{DD941495-6A9B-4D44-B4B2-03DF13A5C340}.Debug|iPhoneSimulator.ActiveCfg = Debug|Any CPU
		{DD941495-6A9B-4D44-B4B2-03DF13A5C340}.Debug|iPhoneSimulator.Build.0 = Debug|Any CPU
		{DD941495-6A9B-4D44-B4B2-03DF13A5C340}.Debug|iPhoneSimulator.Deploy.0 = Debug|Any CPU
		{DD941495-6A9B-4D44-B4B2-03DF13A5C340}.Debug|x64.ActiveCfg = Debug|Any CPU
		{DD941495-6A9B-4D44-B4B2-03DF13A5C340}.Debug|x64.Build.0 = Debug|Any CPU
		{DD941495-6A9B-4D44-B4B2-03DF13A5C340}.Debug|x64.Deploy.0 = Debug|Any CPU
		{DD941495-6A9B-4D44-B4B2-03DF13A5C340}.Debug|x86.ActiveCfg = Debug|Any CPU
		{DD941495-6A9B-4D44-B4B2-03DF13A5C340}.Debug|x86.Build.0 = Debug|Any CPU
		{DD941495-6A9B-4D44-B4B2-03DF13A5C340}.Debug|x86.Deploy.0 = Debug|Any CPU
		{DD941495-6A9B-4D44-B4B2-03DF13A5C340}.Release|Any CPU.ActiveCfg = Release|Any CPU
		{DD941495-6A9B-4D44-B4B2-03DF13A5C340}.Release|Any CPU.Build.0 = Release|Any CPU
		{DD941495-6A9B-4D44-B4B2-03DF13A5C340}.Release|Any CPU.Deploy.0 = Release|Any CPU
		{DD941495-6A9B-4D44-B4B2-03DF13A5C340}.Release|ARM.ActiveCfg = Release|Any CPU
		{DD941495-6A9B-4D44-B4B2-03DF13A5C340}.Release|ARM.Build.0 = Release|Any CPU
		{DD941495-6A9B-4D44-B4B2-03DF13A5C340}.Release|ARM.Deploy.0 = Release|Any CPU
		{DD941495-6A9B-4D44-B4B2-03DF13A5C340}.Release|iPhone.ActiveCfg = Release|Any CPU
		{DD941495-6A9B-4D44-B4B2-03DF13A5C340}.Release|iPhone.Build.0 = Release|Any CPU
		{DD941495-6A9B-4D44-B4B2-03DF13A5C340}.Release|iPhone.Deploy.0 = Release|Any CPU
		{DD941495-6A9B-4D44-B4B2-03DF13A5C340}.Release|iPhoneSimulator.ActiveCfg = Release|Any CPU
		{DD941495-6A9B-4D44-B4B2-03DF13A5C340}.Release|iPhoneSimulator.Build.0 = Release|Any CPU
		{DD941495-6A9B-4D44-B4B2-03DF13A5C340}.Release|iPhoneSimulator.Deploy.0 = Release|Any CPU
		{DD941495-6A9B-4D44-B4B2-03DF13A5C340}.Release|x64.ActiveCfg = Release|Any CPU
		{DD941495-6A9B-4D44-B4B2-03DF13A5C340}.Release|x64.Build.0 = Release|Any CPU
		{DD941495-6A9B-4D44-B4B2-03DF13A5C340}.Release|x64.Deploy.0 = Release|Any CPU
		{DD941495-6A9B-4D44-B4B2-03DF13A5C340}.Release|x86.ActiveCfg = Release|Any CPU
		{DD941495-6A9B-4D44-B4B2-03DF13A5C340}.Release|x86.Build.0 = Release|Any CPU
		{DD941495-6A9B-4D44-B4B2-03DF13A5C340}.Release|x86.Deploy.0 = Release|Any CPU
		{580FA83D-C60B-4D8B-AF04-DCF5FB37E942}.Debug|Any CPU.ActiveCfg = Debug|Any CPU
		{580FA83D-C60B-4D8B-AF04-DCF5FB37E942}.Debug|Any CPU.Build.0 = Debug|Any CPU
		{580FA83D-C60B-4D8B-AF04-DCF5FB37E942}.Debug|ARM.ActiveCfg = Debug|Any CPU
		{580FA83D-C60B-4D8B-AF04-DCF5FB37E942}.Debug|ARM.Build.0 = Debug|Any CPU
		{580FA83D-C60B-4D8B-AF04-DCF5FB37E942}.Debug|iPhone.ActiveCfg = Debug|Any CPU
		{580FA83D-C60B-4D8B-AF04-DCF5FB37E942}.Debug|iPhone.Build.0 = Debug|Any CPU
		{580FA83D-C60B-4D8B-AF04-DCF5FB37E942}.Debug|iPhoneSimulator.ActiveCfg = Debug|Any CPU
		{580FA83D-C60B-4D8B-AF04-DCF5FB37E942}.Debug|iPhoneSimulator.Build.0 = Debug|Any CPU
		{580FA83D-C60B-4D8B-AF04-DCF5FB37E942}.Debug|x64.ActiveCfg = Debug|Any CPU
		{580FA83D-C60B-4D8B-AF04-DCF5FB37E942}.Debug|x64.Build.0 = Debug|Any CPU
		{580FA83D-C60B-4D8B-AF04-DCF5FB37E942}.Debug|x86.ActiveCfg = Debug|Any CPU
		{580FA83D-C60B-4D8B-AF04-DCF5FB37E942}.Debug|x86.Build.0 = Debug|Any CPU
		{580FA83D-C60B-4D8B-AF04-DCF5FB37E942}.Release|Any CPU.ActiveCfg = Release|Any CPU
		{580FA83D-C60B-4D8B-AF04-DCF5FB37E942}.Release|Any CPU.Build.0 = Release|Any CPU
		{580FA83D-C60B-4D8B-AF04-DCF5FB37E942}.Release|ARM.ActiveCfg = Release|Any CPU
		{580FA83D-C60B-4D8B-AF04-DCF5FB37E942}.Release|ARM.Build.0 = Release|Any CPU
		{580FA83D-C60B-4D8B-AF04-DCF5FB37E942}.Release|iPhone.ActiveCfg = Release|Any CPU
		{580FA83D-C60B-4D8B-AF04-DCF5FB37E942}.Release|iPhone.Build.0 = Release|Any CPU
		{580FA83D-C60B-4D8B-AF04-DCF5FB37E942}.Release|iPhoneSimulator.ActiveCfg = Release|Any CPU
		{580FA83D-C60B-4D8B-AF04-DCF5FB37E942}.Release|iPhoneSimulator.Build.0 = Release|Any CPU
		{580FA83D-C60B-4D8B-AF04-DCF5FB37E942}.Release|x64.ActiveCfg = Release|Any CPU
		{580FA83D-C60B-4D8B-AF04-DCF5FB37E942}.Release|x64.Build.0 = Release|Any CPU
		{580FA83D-C60B-4D8B-AF04-DCF5FB37E942}.Release|x86.ActiveCfg = Release|Any CPU
		{580FA83D-C60B-4D8B-AF04-DCF5FB37E942}.Release|x86.Build.0 = Release|Any CPU
		{326EFDEB-5848-4298-A2EE-AFD761EC904A}.Debug|Any CPU.ActiveCfg = Debug|x86
		{326EFDEB-5848-4298-A2EE-AFD761EC904A}.Debug|Any CPU.Build.0 = Debug|x86
		{326EFDEB-5848-4298-A2EE-AFD761EC904A}.Debug|Any CPU.Deploy.0 = Debug|x86
		{326EFDEB-5848-4298-A2EE-AFD761EC904A}.Debug|ARM.ActiveCfg = Debug|ARM
		{326EFDEB-5848-4298-A2EE-AFD761EC904A}.Debug|ARM.Build.0 = Debug|ARM
		{326EFDEB-5848-4298-A2EE-AFD761EC904A}.Debug|ARM.Deploy.0 = Debug|ARM
		{326EFDEB-5848-4298-A2EE-AFD761EC904A}.Debug|iPhone.ActiveCfg = Debug|x86
		{326EFDEB-5848-4298-A2EE-AFD761EC904A}.Debug|iPhoneSimulator.ActiveCfg = Debug|x86
		{326EFDEB-5848-4298-A2EE-AFD761EC904A}.Debug|x64.ActiveCfg = Debug|x64
		{326EFDEB-5848-4298-A2EE-AFD761EC904A}.Debug|x64.Build.0 = Debug|x64
		{326EFDEB-5848-4298-A2EE-AFD761EC904A}.Debug|x64.Deploy.0 = Debug|x64
		{326EFDEB-5848-4298-A2EE-AFD761EC904A}.Debug|x86.ActiveCfg = Debug|x86
		{326EFDEB-5848-4298-A2EE-AFD761EC904A}.Debug|x86.Build.0 = Debug|x86
		{326EFDEB-5848-4298-A2EE-AFD761EC904A}.Debug|x86.Deploy.0 = Debug|x86
		{326EFDEB-5848-4298-A2EE-AFD761EC904A}.Release|Any CPU.ActiveCfg = Release|x86
		{326EFDEB-5848-4298-A2EE-AFD761EC904A}.Release|ARM.ActiveCfg = Release|ARM
		{326EFDEB-5848-4298-A2EE-AFD761EC904A}.Release|ARM.Build.0 = Release|ARM
		{326EFDEB-5848-4298-A2EE-AFD761EC904A}.Release|ARM.Deploy.0 = Release|ARM
		{326EFDEB-5848-4298-A2EE-AFD761EC904A}.Release|iPhone.ActiveCfg = Release|x86
		{326EFDEB-5848-4298-A2EE-AFD761EC904A}.Release|iPhoneSimulator.ActiveCfg = Release|x86
		{326EFDEB-5848-4298-A2EE-AFD761EC904A}.Release|x64.ActiveCfg = Release|x64
		{326EFDEB-5848-4298-A2EE-AFD761EC904A}.Release|x64.Build.0 = Release|x64
		{326EFDEB-5848-4298-A2EE-AFD761EC904A}.Release|x64.Deploy.0 = Release|x64
		{326EFDEB-5848-4298-A2EE-AFD761EC904A}.Release|x86.ActiveCfg = Release|x86
		{326EFDEB-5848-4298-A2EE-AFD761EC904A}.Release|x86.Build.0 = Release|x86
		{326EFDEB-5848-4298-A2EE-AFD761EC904A}.Release|x86.Deploy.0 = Release|x86
		{0F5631D9-8EE7-43C7-A23F-8D3F23243646}.Debug|Any CPU.ActiveCfg = Debug|Any CPU
		{0F5631D9-8EE7-43C7-A23F-8D3F23243646}.Debug|Any CPU.Build.0 = Debug|Any CPU
		{0F5631D9-8EE7-43C7-A23F-8D3F23243646}.Debug|ARM.ActiveCfg = Debug|Any CPU
		{0F5631D9-8EE7-43C7-A23F-8D3F23243646}.Debug|ARM.Build.0 = Debug|Any CPU
		{0F5631D9-8EE7-43C7-A23F-8D3F23243646}.Debug|iPhone.ActiveCfg = Debug|Any CPU
		{0F5631D9-8EE7-43C7-A23F-8D3F23243646}.Debug|iPhone.Build.0 = Debug|Any CPU
		{0F5631D9-8EE7-43C7-A23F-8D3F23243646}.Debug|iPhoneSimulator.ActiveCfg = Debug|Any CPU
		{0F5631D9-8EE7-43C7-A23F-8D3F23243646}.Debug|iPhoneSimulator.Build.0 = Debug|Any CPU
		{0F5631D9-8EE7-43C7-A23F-8D3F23243646}.Debug|x64.ActiveCfg = Debug|Any CPU
		{0F5631D9-8EE7-43C7-A23F-8D3F23243646}.Debug|x64.Build.0 = Debug|Any CPU
		{0F5631D9-8EE7-43C7-A23F-8D3F23243646}.Debug|x86.ActiveCfg = Debug|Any CPU
		{0F5631D9-8EE7-43C7-A23F-8D3F23243646}.Debug|x86.Build.0 = Debug|Any CPU
		{0F5631D9-8EE7-43C7-A23F-8D3F23243646}.Release|Any CPU.ActiveCfg = Release|Any CPU
		{0F5631D9-8EE7-43C7-A23F-8D3F23243646}.Release|Any CPU.Build.0 = Release|Any CPU
		{0F5631D9-8EE7-43C7-A23F-8D3F23243646}.Release|ARM.ActiveCfg = Release|Any CPU
		{0F5631D9-8EE7-43C7-A23F-8D3F23243646}.Release|ARM.Build.0 = Release|Any CPU
		{0F5631D9-8EE7-43C7-A23F-8D3F23243646}.Release|iPhone.ActiveCfg = Release|Any CPU
		{0F5631D9-8EE7-43C7-A23F-8D3F23243646}.Release|iPhone.Build.0 = Release|Any CPU
		{0F5631D9-8EE7-43C7-A23F-8D3F23243646}.Release|iPhoneSimulator.ActiveCfg = Release|Any CPU
		{0F5631D9-8EE7-43C7-A23F-8D3F23243646}.Release|iPhoneSimulator.Build.0 = Release|Any CPU
		{0F5631D9-8EE7-43C7-A23F-8D3F23243646}.Release|x64.ActiveCfg = Release|Any CPU
		{0F5631D9-8EE7-43C7-A23F-8D3F23243646}.Release|x64.Build.0 = Release|Any CPU
		{0F5631D9-8EE7-43C7-A23F-8D3F23243646}.Release|x86.ActiveCfg = Release|Any CPU
		{0F5631D9-8EE7-43C7-A23F-8D3F23243646}.Release|x86.Build.0 = Release|Any CPU
		{9F6542A2-90DF-4E47-90DB-4815286DBF69}.Debug|Any CPU.ActiveCfg = Debug|Any CPU
		{9F6542A2-90DF-4E47-90DB-4815286DBF69}.Debug|Any CPU.Build.0 = Debug|Any CPU
		{9F6542A2-90DF-4E47-90DB-4815286DBF69}.Debug|ARM.ActiveCfg = Debug|ARM
		{9F6542A2-90DF-4E47-90DB-4815286DBF69}.Debug|ARM.Build.0 = Debug|ARM
		{9F6542A2-90DF-4E47-90DB-4815286DBF69}.Debug|iPhone.ActiveCfg = Debug|Any CPU
		{9F6542A2-90DF-4E47-90DB-4815286DBF69}.Debug|iPhone.Build.0 = Debug|Any CPU
		{9F6542A2-90DF-4E47-90DB-4815286DBF69}.Debug|iPhoneSimulator.ActiveCfg = Debug|Any CPU
		{9F6542A2-90DF-4E47-90DB-4815286DBF69}.Debug|iPhoneSimulator.Build.0 = Debug|Any CPU
		{9F6542A2-90DF-4E47-90DB-4815286DBF69}.Debug|x64.ActiveCfg = Debug|x64
		{9F6542A2-90DF-4E47-90DB-4815286DBF69}.Debug|x64.Build.0 = Debug|x64
		{9F6542A2-90DF-4E47-90DB-4815286DBF69}.Debug|x86.ActiveCfg = Debug|x86
		{9F6542A2-90DF-4E47-90DB-4815286DBF69}.Debug|x86.Build.0 = Debug|x86
		{9F6542A2-90DF-4E47-90DB-4815286DBF69}.Release|Any CPU.ActiveCfg = Release|Any CPU
		{9F6542A2-90DF-4E47-90DB-4815286DBF69}.Release|Any CPU.Build.0 = Release|Any CPU
		{9F6542A2-90DF-4E47-90DB-4815286DBF69}.Release|ARM.ActiveCfg = Release|ARM
		{9F6542A2-90DF-4E47-90DB-4815286DBF69}.Release|ARM.Build.0 = Release|ARM
		{9F6542A2-90DF-4E47-90DB-4815286DBF69}.Release|iPhone.ActiveCfg = Release|Any CPU
		{9F6542A2-90DF-4E47-90DB-4815286DBF69}.Release|iPhone.Build.0 = Release|Any CPU
		{9F6542A2-90DF-4E47-90DB-4815286DBF69}.Release|iPhoneSimulator.ActiveCfg = Release|Any CPU
		{9F6542A2-90DF-4E47-90DB-4815286DBF69}.Release|iPhoneSimulator.Build.0 = Release|Any CPU
		{9F6542A2-90DF-4E47-90DB-4815286DBF69}.Release|x64.ActiveCfg = Release|x64
		{9F6542A2-90DF-4E47-90DB-4815286DBF69}.Release|x64.Build.0 = Release|x64
		{9F6542A2-90DF-4E47-90DB-4815286DBF69}.Release|x86.ActiveCfg = Release|x86
		{9F6542A2-90DF-4E47-90DB-4815286DBF69}.Release|x86.Build.0 = Release|x86
	EndGlobalSection
	GlobalSection(SolutionProperties) = preSolution
		HideSolutionNode = FALSE
	EndGlobalSection
	GlobalSection(TeamFoundationVersionControl) = preSolution
		SccNumberOfProjects = 6
		SccEnterpriseProvider = {4CA58AB2-18FA-4F8D-95D4-32DDF27D184C}
		SccTeamFoundationServer = https://iotincubation.visualstudio.com/
		SccLocalPath0 = .
		SccProjectUniqueName1 = CabsAPI\\CabsAPI.njsproj
		SccProjectName1 = CabsAPI
		SccLocalPath1 = CabsAPI
		SccProjectUniqueName2 = ContosoCabs.UWP\\ContosoCabs.UWP.csproj
		SccProjectName2 = ContosoCabs.UWP
		SccLocalPath2 = ContosoCabs.UWP
		SccProjectUniqueName3 = ContosoCabs\\ContosoCabs.Droid\\ContosoCabs.Droid.csproj
		SccProjectName3 = ContosoCabs/ContosoCabs.Droid
		SccLocalPath3 = ContosoCabs\\ContosoCabs.Droid
		SccProjectUniqueName4 = ContosoCabs\\ContosoCabs\\ContosoCabs.csproj
		SccProjectName4 = ContosoCabs/ContosoCabs
		SccLocalPath4 = ContosoCabs\\ContosoCabs
		SccProjectUniqueName5 = VoiceCommandService\\VoiceCommandService.csproj
		SccProjectName5 = VoiceCommandService
		SccLocalPath5 = VoiceCommandService
	EndGlobalSection
EndGlobal
